# THIS IS AN AUTOGENERATED FILE. DO NOT EDIT THIS FILE DIRECTLY.
# yarn lockfile v1


babel-runtime@^6.26.0:
  version "6.26.0"
  resolved "https://registry.yarnpkg.com/babel-runtime/-/babel-runtime-6.26.0.tgz#965c7058668e82b55d7bfe04ff2337bc8b5647fe"
  integrity sha1-llxwWGaOgrVde/4E/yM3vItWR/4=
  dependencies:
    core-js "^2.4.0"
    regenerator-runtime "^0.11.0"

core-js@^2.4.0:
  version "2.5.7"
  resolved "https://registry.yarnpkg.com/core-js/-/core-js-2.5.7.tgz#f972608ff0cead68b841a16a932d0b183791814e"
  integrity sha512-RszJCAxg/PP6uzXVXL6BsxSXx/B05oJAQ2vkJRjyjrEcNVycaqOmNb5OTxZPE3xa5gwZduqza6L9JOCenh/Ecw==

io@^1.0.0:
  version "1.0.0"
  resolved "https://registry.yarnpkg.com/io/-/io-1.0.0.tgz#2caf363c2ee008d56149fed20bac5e6efb44d3b6"
  integrity sha1-LK82PC7gCNVhSf7SC6xebvtE07Y=

keras@^1.0.1:
  version "1.0.1"
  resolved "https://registry.yarnpkg.com/keras/-/keras-1.0.1.tgz#51cbf15de2a24105a0fa1cb2d16b94ea8b13e1c6"
  integrity sha1-UcvxXeKiQQWg+hyy0WuU6osT4cY=

numpy@^0.0.1:
  version "0.0.1"
  resolved "https://registry.yarnpkg.com/numpy/-/numpy-0.0.1.tgz#c6bbd4c49b45bd537f768a09c9220a290de41598"
  integrity sha1-xrvUxJtFvVN/dooJySIKKQ3kFZg=

ow-lite@^0.0.2:
  version "0.0.2"
  resolved "https://registry.yarnpkg.com/ow-lite/-/ow-lite-0.0.2.tgz#df9f500e6740b6590a1e9a965730d49a8eb597d1"
  integrity sha1-359QDmdAtlkKHpqWVzDUmo61l9E=

ow@^0.4.0:
  version "0.4.0"
  resolved "https://registry.yarnpkg.com/ow/-/ow-0.4.0.tgz#119a846d23738ce11677331fef8a3fbe019eb05b"
  integrity sha512-kJNzxUgVd6EF5LoGs+s2/etJPwjfRDLXPTCfEgV8At77sRrV+PSFA8lcoW2HF15Qd455mIR2Stee/2MzDiFBDA==

random@^2.0.12:
  version "2.0.12"
  resolved "https://registry.yarnpkg.com/random/-/random-2.0.12.tgz#8b33686639fd26959b40ff11f9186a43c1272f3c"
  integrity sha1-izNoZjn9JpWbQP8R+RhqQ8EnLzw=
  dependencies:
    babel-runtime "^6.26.0"
    ow "^0.4.0"
    ow-lite "^0.0.2"

regenerator-runtime@^0.11.0:
  version "0.11.1"
  resolved "https://registry.yarnpkg.com/regenerator-runtime/-/regenerator-runtime-0.11.1.tgz#be05ad7f9bf7d22e056f9726cee5017fbf19e2e9"
  integrity sha512-MguG95oij0fC3QV3URf4V2SDYGJhJnJGqvIIgdECeODCT98wSWDAJ94SSuVpYQUoTcGUIL6L4yNB7j1DFFHSBg==

sys@^0.0.1:
  version "0.0.1"
  resolved "https://registry.yarnpkg.com/sys/-/sys-0.0.1.tgz#3480cc695714905b7abce50a55a5a3985997e619"
  integrity sha1-NIDMaVcUkFt6vOUKVaWjmFmX5hk=
